<?xml version="1.0" encoding="utf-8"?>
<Project ToolsVersion="4.0" xmlns="http://schemas.microsoft.com/developer/msbuild/2003">
  <ItemGroup>
    <ClCompile Include="$(MSBuildThisFileDirectory)FileReader.cpp" />
    <ClCompile Include="$(MSBuildThisFileDirectory)Logger.cpp" />
    <ClCompile Include="$(MSBuildThisFileDirectory)MessageBox.cpp" />
    <ClCompile Include="$(MSBuildThisFileDirectory)Path.cpp" />
    <ClCompile Include="$(MSBuildThisFileDirectory)Shader_old.cpp" />
    <ClCompile Include="$(MSBuildThisFileDirectory)Texture.cpp" />
    <ClCompile Include="$(MSBuildThisFileDirectory)Graphics\Shader.cpp">
      <Filter>Graphics</Filter>
    </ClCompile>
    <ClCompile Include="$(MSBuildThisFileDirectory)Graphics\Material.cpp">
      <Filter>Graphics</Filter>
    </ClCompile>
    <ClCompile Include="$(MSBuildThisFileDirectory)GameObject.cpp" />
    <ClCompile Include="$(MSBuildThisFileDirectory)Common\Hasher.cpp">
      <Filter>Common</Filter>
    </ClCompile>
    <ClCompile Include="$(MSBuildThisFileDirectory)Math\Math.cpp">
      <Filter>Math</Filter>
    </ClCompile>
  </ItemGroup>
  <ItemGroup>
    <ClInclude Include="$(MSBuildThisFileDirectory)FileReader.h" />
    <ClInclude Include="$(MSBuildThisFileDirectory)Handle.h" />
    <ClInclude Include="$(MSBuildThisFileDirectory)Hasher.h" />
    <ClInclude Include="$(MSBuildThisFileDirectory)K9Debug.h" />
    <ClInclude Include="$(MSBuildThisFileDirectory)Logger.h" />
    <ClInclude Include="$(MSBuildThisFileDirectory)MessageBox.h" />
    <ClInclude Include="$(MSBuildThisFileDirectory)Path.h" />
    <ClInclude Include="$(MSBuildThisFileDirectory)ResourceLoader.h" />
    <ClInclude Include="$(MSBuildThisFileDirectory)Shader_old.h" />
    <ClInclude Include="$(MSBuildThisFileDirectory)SingleResourceManager.h" />
    <ClInclude Include="$(MSBuildThisFileDirectory)Texture.h" />
    <ClInclude Include="$(MSBuildThisFileDirectory)Graphics\OpenGLContext.h">
      <Filter>Graphics</Filter>
    </ClInclude>
    <ClInclude Include="$(MSBuildThisFileDirectory)Graphics\GraphicsContext.h">
      <Filter>Graphics</Filter>
    </ClInclude>
    <ClInclude Include="$(MSBuildThisFileDirectory)Graphics\Shader.h">
      <Filter>Graphics</Filter>
    </ClInclude>
    <ClInclude Include="$(MSBuildThisFileDirectory)Graphics\Material.h">
      <Filter>Graphics</Filter>
    </ClInclude>
    <ClInclude Include="$(MSBuildThisFileDirectory)Graphics\MaterialProperty.h">
      <Filter>Graphics</Filter>
    </ClInclude>
    <ClInclude Include="$(MSBuildThisFileDirectory)Math\Math.h">
      <Filter>Math</Filter>
    </ClInclude>
    <ClInclude Include="$(MSBuildThisFileDirectory)GameObject.h" />
    <ClInclude Include="$(MSBuildThisFileDirectory)Common\Hasher.h">
      <Filter>Common</Filter>
    </ClInclude>
  </ItemGroup>
  <ItemGroup>
    <Filter Include="Graphics">
      <UniqueIdentifier>{f38c61b1-c87f-4016-8138-cdf5a4fe4bc3}</UniqueIdentifier>
    </Filter>
    <Filter Include="Math">
      <UniqueIdentifier>{7052a10e-691b-41fa-9fcf-b0e3e3857baf}</UniqueIdentifier>
    </Filter>
    <Filter Include="Common">
      <UniqueIdentifier>{26cc1e76-585e-4828-9afb-74388e958271}</UniqueIdentifier>
    </Filter>
  </ItemGroup>
</Project>