<?xml version="1.0" encoding="utf-8"?>
<Project ToolsVersion="4.0" xmlns="http://schemas.microsoft.com/developer/msbuild/2003">
  <ItemGroup>
    <ClCompile Include="$(MSBuildThisFileDirectory)FileReader.cpp" />
    <ClCompile Include="$(MSBuildThisFileDirectory)Logger.cpp" />
    <ClCompile Include="$(MSBuildThisFileDirectory)MessageBox.cpp" />
    <ClCompile Include="$(MSBuildThisFileDirectory)Path.cpp" />
    <ClCompile Include="$(MSBuildThisFileDirectory)Graphics\Shader.cpp">
      <Filter>Graphics</Filter>
    </ClCompile>
    <ClCompile Include="$(MSBuildThisFileDirectory)Graphics\Material.cpp">
      <Filter>Graphics</Filter>
    </ClCompile>
    <ClCompile Include="$(MSBuildThisFileDirectory)GameObject.cpp" />
    <ClCompile Include="$(MSBuildThisFileDirectory)Common\Hasher.cpp">
      <Filter>Common</Filter>
    </ClCompile>
    <ClCompile Include="$(MSBuildThisFileDirectory)Math\Math.cpp">
      <Filter>Math</Filter>
    </ClCompile>
    <ClCompile Include="$(MSBuildThisFileDirectory)Graphics\ShaderProgram.cpp">
      <Filter>Graphics</Filter>
    </ClCompile>
    <ClCompile Include="$(MSBuildThisFileDirectory)Math\Transform.cpp">
      <Filter>Math</Filter>
    </ClCompile>
    <ClCompile Include="$(MSBuildThisFileDirectory)Graphics\TransformNode.cpp">
      <Filter>Graphics</Filter>
    </ClCompile>
    <ClCompile Include="$(MSBuildThisFileDirectory)Graphics\SceneGraph.cpp">
      <Filter>Graphics</Filter>
    </ClCompile>
    <ClCompile Include="$(MSBuildThisFileDirectory)Graphics\INode.cpp">
      <Filter>Graphics</Filter>
    </ClCompile>
    <ClCompile Include="$(MSBuildThisFileDirectory)Graphics\ISceneGraphVisitor.cpp">
      <Filter>Graphics</Filter>
    </ClCompile>
    <ClCompile Include="$(MSBuildThisFileDirectory)Graphics\SceneGraphRenderVisitor.cpp">
      <Filter>Graphics</Filter>
    </ClCompile>
    <ClCompile Include="$(MSBuildThisFileDirectory)Graphics\RenderNode.cpp">
      <Filter>Graphics</Filter>
    </ClCompile>
    <ClCompile Include="$(MSBuildThisFileDirectory)Graphics\RenderingItem.cpp">
      <Filter>Graphics</Filter>
    </ClCompile>
    <ClCompile Include="$(MSBuildThisFileDirectory)Graphics\BufferDataType.cpp">
      <Filter>Graphics</Filter>
    </ClCompile>
    <ClCompile Include="$(MSBuildThisFileDirectory)Graphics\RenderingComponent.cpp">
      <Filter>Graphics</Filter>
    </ClCompile>
    <ClCompile Include="$(MSBuildThisFileDirectory)Graphics\Renderer.cpp">
      <Filter>Graphics</Filter>
    </ClCompile>
    <ClCompile Include="$(MSBuildThisFileDirectory)Graphics\MaterialProperty.cpp">
      <Filter>Graphics</Filter>
    </ClCompile>
    <ClCompile Include="$(MSBuildThisFileDirectory)Graphics\Mat4MaterialProperty.cpp">
      <Filter>Graphics</Filter>
    </ClCompile>
    <ClCompile Include="$(MSBuildThisFileDirectory)Graphics\PerspectiveCamera.cpp">
      <Filter>Graphics</Filter>
    </ClCompile>
    <ClCompile Include="$(MSBuildThisFileDirectory)World.cpp" />
    <ClCompile Include="$(MSBuildThisFileDirectory)Graphics\Mesh.cpp">
      <Filter>Graphics</Filter>
    </ClCompile>
    <ClCompile Include="$(MSBuildThisFileDirectory)Graphics\MeshFactory.cpp">
      <Filter>Graphics</Filter>
    </ClCompile>
    <ClCompile Include="$(MSBuildThisFileDirectory)Texture.cpp" />
  </ItemGroup>
  <ItemGroup>
    <ClInclude Include="$(MSBuildThisFileDirectory)FileReader.h" />
    <ClInclude Include="$(MSBuildThisFileDirectory)Handle.h" />
    <ClInclude Include="$(MSBuildThisFileDirectory)K9Debug.h" />
    <ClInclude Include="$(MSBuildThisFileDirectory)Logger.h" />
    <ClInclude Include="$(MSBuildThisFileDirectory)MessageBox.h" />
    <ClInclude Include="$(MSBuildThisFileDirectory)Path.h" />
    <ClInclude Include="$(MSBuildThisFileDirectory)ResourceLoader.h" />
    <ClInclude Include="$(MSBuildThisFileDirectory)SingleResourceManager.h" />
    <ClInclude Include="$(MSBuildThisFileDirectory)Graphics\OpenGLContext.h">
      <Filter>Graphics</Filter>
    </ClInclude>
    <ClInclude Include="$(MSBuildThisFileDirectory)Graphics\GraphicsContext.h">
      <Filter>Graphics</Filter>
    </ClInclude>
    <ClInclude Include="$(MSBuildThisFileDirectory)Graphics\Shader.h">
      <Filter>Graphics</Filter>
    </ClInclude>
    <ClInclude Include="$(MSBuildThisFileDirectory)Graphics\Material.h">
      <Filter>Graphics</Filter>
    </ClInclude>
    <ClInclude Include="$(MSBuildThisFileDirectory)Graphics\MaterialProperty.h">
      <Filter>Graphics</Filter>
    </ClInclude>
    <ClInclude Include="$(MSBuildThisFileDirectory)Math\Math.h">
      <Filter>Math</Filter>
    </ClInclude>
    <ClInclude Include="$(MSBuildThisFileDirectory)GameObject.h" />
    <ClInclude Include="$(MSBuildThisFileDirectory)Common\Hasher.h">
      <Filter>Common</Filter>
    </ClInclude>
    <ClInclude Include="$(MSBuildThisFileDirectory)Graphics\ShaderProgram.h">
      <Filter>Graphics</Filter>
    </ClInclude>
    <ClInclude Include="$(MSBuildThisFileDirectory)Graphics\SceneGraph.h">
      <Filter>Graphics</Filter>
    </ClInclude>
    <ClInclude Include="$(MSBuildThisFileDirectory)Math\Transform.h">
      <Filter>Math</Filter>
    </ClInclude>
    <ClInclude Include="$(MSBuildThisFileDirectory)Common\IObserver.h">
      <Filter>Common</Filter>
    </ClInclude>
    <ClInclude Include="$(MSBuildThisFileDirectory)Common\TransformChangeEvent.h">
      <Filter>Common</Filter>
    </ClInclude>
    <ClInclude Include="$(MSBuildThisFileDirectory)Graphics\RenderingComponent.h">
      <Filter>Graphics</Filter>
    </ClInclude>
    <ClInclude Include="$(MSBuildThisFileDirectory)Graphics\TransformNode.h">
      <Filter>Graphics</Filter>
    </ClInclude>
    <ClInclude Include="$(MSBuildThisFileDirectory)Graphics\ISceneGraphVisitor.h">
      <Filter>Graphics</Filter>
    </ClInclude>
    <ClInclude Include="$(MSBuildThisFileDirectory)Graphics\SceneGraphRenderVisitor.h">
      <Filter>Graphics</Filter>
    </ClInclude>
    <ClInclude Include="$(MSBuildThisFileDirectory)Graphics\RenderNode.h">
      <Filter>Graphics</Filter>
    </ClInclude>
    <ClInclude Include="$(MSBuildThisFileDirectory)Graphics\INode.h">
      <Filter>Graphics</Filter>
    </ClInclude>
    <ClInclude Include="$(MSBuildThisFileDirectory)Graphics\Mesh.h">
      <Filter>Graphics</Filter>
    </ClInclude>
    <ClInclude Include="$(MSBuildThisFileDirectory)Graphics\RenderingItem.h">
      <Filter>Graphics</Filter>
    </ClInclude>
    <ClInclude Include="$(MSBuildThisFileDirectory)Graphics\BufferDataType.h">
      <Filter>Graphics</Filter>
    </ClInclude>
    <ClInclude Include="$(MSBuildThisFileDirectory)Graphics\Renderer.h">
      <Filter>Graphics</Filter>
    </ClInclude>
    <ClInclude Include="$(MSBuildThisFileDirectory)Graphics\VertexBufferObjectData.h">
      <Filter>Graphics</Filter>
    </ClInclude>
    <ClInclude Include="$(MSBuildThisFileDirectory)Graphics\Mat4MaterialProperty.h">
      <Filter>Graphics</Filter>
    </ClInclude>
    <ClInclude Include="$(MSBuildThisFileDirectory)Graphics\Camera.h">
      <Filter>Graphics</Filter>
    </ClInclude>
    <ClInclude Include="$(MSBuildThisFileDirectory)Graphics\PerspectiveCamera.h">
      <Filter>Graphics</Filter>
    </ClInclude>
    <ClInclude Include="$(MSBuildThisFileDirectory)World.h" />
    <ClInclude Include="$(MSBuildThisFileDirectory)Graphics\GraphicsHandleTypes.h">
      <Filter>Graphics</Filter>
    </ClInclude>
    <ClInclude Include="$(MSBuildThisFileDirectory)CommonHandleTypes.h" />
    <ClInclude Include="$(MSBuildThisFileDirectory)Graphics\MeshFactory.h">
      <Filter>Graphics</Filter>
    </ClInclude>
    <ClInclude Include="$(MSBuildThisFileDirectory)Texture.h" />
  </ItemGroup>
  <ItemGroup>
    <Filter Include="Graphics">
      <UniqueIdentifier>{f38c61b1-c87f-4016-8138-cdf5a4fe4bc3}</UniqueIdentifier>
    </Filter>
    <Filter Include="Math">
      <UniqueIdentifier>{7052a10e-691b-41fa-9fcf-b0e3e3857baf}</UniqueIdentifier>
    </Filter>
    <Filter Include="Common">
      <UniqueIdentifier>{26cc1e76-585e-4828-9afb-74388e958271}</UniqueIdentifier>
    </Filter>
  </ItemGroup>
</Project>